{
  "version": 4,
  "terraform_version": "1.15.1",
  "serial": 27,
  "lineage": "471ce65c-0fa9-4ec1-5eac-8fd9ddcb261b",
  "outputs": {
    "Public_ip": {
      "value": [
        "3.219.33.123",
        "44.201.222.28",
        "54.173.79.97",
        "54.204.87.160",
        "34.236.38.202"
      ],
      "type": [
        "tuple",
        [
          "string",
          "string",
          "string",
          "string",
          "string"
        ]
      ]
    },
    "pubic_dns": {
      "value": [
        "ec2-3-219-33-123.compute-1.amazonaws.com",
        "ec2-44-201-222-28.compute-1.amazonaws.com",
        "ec2-54-173-79-97.compute-1.amazonaws.com",
        "ec2-54-204-87-160.compute-1.amazonaws.com",
        "ec2-34-236-38-202.compute-1.amazonaws.com"
      ],
      "type": [
        "tuple",
        [
          "string",
          "string",
          "string",
          "string",
          "string"
        ]
      ]
    },
    "pubic_dns_with_map": {
      "value": {
        "us-east-1a": "ec2-3-219-33-123.compute-1.amazonaws.com",
        "us-east-1b": "ec2-44-201-222-28.compute-1.amazonaws.com",
        "us-east-1c": "ec2-54-173-79-97.compute-1.amazonaws.com",
        "us-east-1d": "ec2-54-204-87-160.compute-1.amazonaws.com",
        "us-east-1f": "ec2-34-236-38-202.compute-1.amazonaws.com"
      },
      "type": [
        "object",
        {
          "us-east-1a": "string",
          "us-east-1b": "string",
          "us-east-1c": "string",
          "us-east-1d": "string",
          "us-east-1f": "string"
        }
      ]
    },
    "v3_1": {
      "value": {
        "us-east-1a": [
          "t3.micro"
        ],
        "us-east-1b": [
          "t3.micro"
        ],
        "us-east-1c": [
          "t3.micro"
        ],
        "us-east-1d": [
          "t3.micro"
        ],
        "us-east-1e": [],
        "us-east-1f": [
          "t3.micro"
        ]
      },
      "type": [
        "object",
        {
          "us-east-1a": [
            "list",
            "string"
          ],
          "us-east-1b": [
            "list",
            "string"
          ],
          "us-east-1c": [
            "list",
            "string"
          ],
          "us-east-1d": [
            "list",
            "string"
          ],
          "us-east-1e": [
            "list",
            "string"
          ],
          "us-east-1f": [
            "list",
            "string"
          ]
        }
      ]
    },
    "v3_2": {
      "value": {
        "us-east-1a": [
          "t3.micro"
        ],
        "us-east-1b": [
          "t3.micro"
        ],
        "us-east-1c": [
          "t3.micro"
        ],
        "us-east-1d": [
          "t3.micro"
        ],
        "us-east-1f": [
          "t3.micro"
        ]
      },
      "type": [
        "object",
        {
          "us-east-1a": [
            "list",
            "string"
          ],
          "us-east-1b": [
            "list",
            "string"
          ],
          "us-east-1c": [
            "list",
            "string"
          ],
          "us-east-1d": [
            "list",
            "string"
          ],
          "us-east-1f": [
            "list",
            "string"
          ]
        }
      ]
    },
    "v3_3": {
      "value": [
        "us-east-1a",
        "us-east-1b",
        "us-east-1c",
        "us-east-1d",
        "us-east-1f"
      ],
      "type": [
        "tuple",
        [
          "string",
          "string",
          "string",
          "string",
          "string"
        ]
      ]
    }
  },
  "resources": [
    {
      "mode": "data",
      "type": "aws_ami",
      "name": "amazon_linux_3",
      "provider": "provider[\"registry.terraform.io/hashicorp/aws\"]",
      "instances": [
        {
          "schema_version": 0,
          "attributes": {
            "allow_unsafe_filter": null,
            "architecture": "x86_64",
            "arn": "arn:aws:ec2:us-east-1::image/ami-0a59ec92177ec3fad",
            "block_device_mappings": [
              {
                "device_name": "/dev/xvda",
                "ebs": {
                  "delete_on_termination": "true",
                  "encrypted": "false",
                  "iops": "3000",
                  "snapshot_id": "snap-0e5867fa2a0fc4971",
                  "throughput": "125",
                  "volume_initialization_rate": "0",
                  "volume_size": "8",
                  "volume_type": "gp3"
                },
                "no_device": "",
                "virtual_name": ""
              }
            ],
            "boot_mode": "uefi-preferred",
            "creation_date": "2026-05-09T02:57:47.000Z",
            "deprecation_time": "2026-08-07T05:08:00.000Z",
            "description": "Amazon Linux 2023 AMI 2023.11.20260509.0 x86_64 HVM kernel-6.1",
            "ena_support": true,
            "executable_users": null,
            "filter": [
              {
                "name": "architecture",
                "values": [
                  "x86_64"
                ]
              },
              {
                "name": "name",
                "values": [
                  "al2023-ami-2023.11.20260509.0-kernel-6.1-x86_64"
                ]
              },
              {
                "name": "root-device-type",
                "values": [
                  "ebs"
                ]
              },
              {
                "name": "virtualization-type",
                "values": [
                  "hvm"
                ]
              }
            ],
            "hypervisor": "xen",
            "id": "ami-0a59ec92177ec3fad",
            "image_id": "ami-0a59ec92177ec3fad",
            "image_location": "amazon/al2023-ami-2023.11.20260509.0-kernel-6.1-x86_64",
            "image_owner_alias": "amazon",
            "image_type": "machine",
            "imds_support": "v2.0",
            "include_deprecated": false,
            "kernel_id": "",
            "last_launched_time": "",
            "most_recent": true,
            "name": "al2023-ami-2023.11.20260509.0-kernel-6.1-x86_64",
            "name_regex": null,
            "owner_id": "137112412989",
            "owners": [
              "amazon"
            ],
            "platform": "",
            "platform_details": "Linux/UNIX",
            "product_codes": [],
            "public": true,
            "ramdisk_id": "",
            "region": "us-east-1",
            "root_device_name": "/dev/xvda",
            "root_device_type": "ebs",
            "root_snapshot_id": "snap-0e5867fa2a0fc4971",
            "sriov_net_support": "simple",
            "state": "available",
            "state_reason": {
              "code": "UNSET",
              "message": "UNSET"
            },
            "tags": {},
            "timeouts": null,
            "tpm_support": "",
            "uefi_data": null,
            "usage_operation": "RunInstances",
            "virtualization_type": "hvm"
          },
          "sensitive_attributes": [],
          "identity_schema_version": 0
        }
      ]
    },
    {
      "mode": "data",
      "type": "aws_availability_zones",
      "name": "my_azs",
      "provider": "provider[\"registry.terraform.io/hashicorp/aws\"]",
      "instances": [
        {
          "schema_version": 0,
          "attributes": {
            "all_availability_zones": null,
            "exclude_names": null,
            "exclude_zone_ids": null,
            "filter": [
              {
                "name": "opt-in-status",
                "values": [
                  "opt-in-not-required"
                ]
              }
            ],
            "group_names": [
              "us-east-1-zg-1"
            ],
            "id": "us-east-1",
            "names": [
              "us-east-1a",
              "us-east-1b",
              "us-east-1c",
              "us-east-1d",
              "us-east-1e",
              "us-east-1f"
            ],
            "region": "us-east-1",
            "state": null,
            "timeouts": null,
            "zone_ids": [
              "use1-az1",
              "use1-az2",
              "use1-az4",
              "use1-az6",
              "use1-az3",
              "use1-az5"
            ]
          },
          "sensitive_attributes": [],
          "identity_schema_version": 0
        }
      ]
    },
    {
      "mode": "data",
      "type": "aws_ec2_instance_type_offerings",
      "name": "my_instance_type",
      "provider": "provider[\"registry.terraform.io/hashicorp/aws\"]",
      "instances": [
        {
          "index_key": "us-east-1a",
          "schema_version": 0,
          "attributes": {
            "filter": [
              {
                "name": "instance-type",
                "values": [
                  "t3.micro"
                ]
              },
              {
                "name": "location",
                "values": [
                  "us-east-1a"
                ]
              }
            ],
            "id": "us-east-1",
            "instance_types": [
              "t3.micro"
            ],
            "location_type": "availability-zone",
            "location_types": [
              "availability-zone"
            ],
            "locations": [
              "us-east-1a"
            ],
            "region": "us-east-1",
            "timeouts": null
          },
          "sensitive_attributes": [],
          "identity_schema_version": 0
        },
        {
          "index_key": "us-east-1b",
          "schema_version": 0,
          "attributes": {
            "filter": [
              {
                "name": "instance-type",
                "values": [
                  "t3.micro"
                ]
              },
              {
                "name": "location",
                "values": [
                  "us-east-1b"
                ]
              }
            ],
            "id": "us-east-1",
            "instance_types": [
              "t3.micro"
            ],
            "location_type": "availability-zone",
            "location_types": [
              "availability-zone"
            ],
            "locations": [
              "us-east-1b"
            ],
            "region": "us-east-1",
            "timeouts": null
          },
          "sensitive_attributes": [],
          "identity_schema_version": 0
        },
        {
          "index_key": "us-east-1c",
          "schema_version": 0,
          "attributes": {
            "filter": [
              {
                "name": "instance-type",
                "values": [
                  "t3.micro"
                ]
              },
              {
                "name": "location",
                "values": [
                  "us-east-1c"
                ]
              }
            ],
            "id": "us-east-1",
            "instance_types": [
              "t3.micro"
            ],
            "location_type": "availability-zone",
            "location_types": [
              "availability-zone"
            ],
            "locations": [
              "us-east-1c"
            ],
            "region": "us-east-1",
            "timeouts": null
          },
          "sensitive_attributes": [],
          "identity_schema_version": 0
        },
        {
          "index_key": "us-east-1d",
          "schema_version": 0,
          "attributes": {
            "filter": [
              {
                "name": "instance-type",
                "values": [
                  "t3.micro"
                ]
              },
              {
                "name": "location",
                "values": [
                  "us-east-1d"
                ]
              }
            ],
            "id": "us-east-1",
            "instance_types": [
              "t3.micro"
            ],
            "location_type": "availability-zone",
            "location_types": [
              "availability-zone"
            ],
            "locations": [
              "us-east-1d"
            ],
            "region": "us-east-1",
            "timeouts": null
          },
          "sensitive_attributes": [],
          "identity_schema_version": 0
        },
        {
          "index_key": "us-east-1e",
          "schema_version": 0,
          "attributes": {
            "filter": [
              {
                "name": "instance-type",
                "values": [
                  "t3.micro"
                ]
              },
              {
                "name": "location",
                "values": [
                  "us-east-1e"
                ]
              }
            ],
            "id": "us-east-1",
            "instance_types": [],
            "location_type": "availability-zone",
            "location_types": [],
            "locations": [],
            "region": "us-east-1",
            "timeouts": null
          },
          "sensitive_attributes": [],
          "identity_schema_version": 0
        },
        {
          "index_key": "us-east-1f",
          "schema_version": 0,
          "attributes": {
            "filter": [
              {
                "name": "instance-type",
                "values": [
                  "t3.micro"
                ]
              },
              {
                "name": "location",
                "values": [
                  "us-east-1f"
                ]
              }
            ],
            "id": "us-east-1",
            "instance_types": [
              "t3.micro"
            ],
            "location_type": "availability-zone",
            "location_types": [
              "availability-zone"
            ],
            "locations": [
              "us-east-1f"
            ],
            "region": "us-east-1",
            "timeouts": null
          },
          "sensitive_attributes": [],
          "identity_schema_version": 0
        }
      ]
    },
    {
      "mode": "managed",
      "type": "aws_instance",
      "name": "my_ec2_instance",
      "provider": "provider[\"registry.terraform.io/hashicorp/aws\"]",
      "instances": [
        {
          "index_key": "us-east-1a",
          "schema_version": 2,
          "attributes": {
            "ami": "ami-0a59ec92177ec3fad",
            "arn": "arn:aws:ec2:us-east-1:787230020442:instance/i-08ebc4b70621dcb93",
            "associate_public_ip_address": true,
            "availability_zone": "us-east-1a",
            "capacity_reservation_specification": [
              {
                "capacity_reservation_preference": "open",
                "capacity_reservation_target": []
              }
            ],
            "cpu_options": [
              {
                "amd_sev_snp": "",
                "core_count": 1,
                "nested_virtualization": "",
                "threads_per_core": 2
              }
            ],
            "credit_specification": [
              {
                "cpu_credits": "unlimited"
              }
            ],
            "disable_api_stop": false,
            "disable_api_termination": false,
            "ebs_block_device": [],
            "ebs_optimized": false,
            "enable_primary_ipv6": null,
            "enclave_options": [
              {
                "enabled": false
              }
            ],
            "ephemeral_block_device": [],
            "force_destroy": false,
            "get_password_data": false,
            "hibernation": false,
            "host_id": "",
            "host_resource_group_arn": null,
            "iam_instance_profile": "",
            "id": "i-08ebc4b70621dcb93",
            "instance_initiated_shutdown_behavior": "stop",
            "instance_lifecycle": "",
            "instance_market_options": [],
            "instance_state": "running",
            "instance_type": "t3.small",
            "ipv6_address_count": 0,
            "ipv6_addresses": [],
            "key_name": "common",
            "launch_template": [],
            "maintenance_options": [
              {
                "auto_recovery": "default"
              }
            ],
            "metadata_options": [
              {
                "http_endpoint": "enabled",
                "http_protocol_ipv6": "disabled",
                "http_put_response_hop_limit": 2,
                "http_tokens": "required",
                "instance_metadata_tags": "disabled"
              }
            ],
            "monitoring": false,
            "network_interface": [],
            "outpost_arn": "",
            "password_data": "",
            "placement_group": "",
            "placement_group_id": "",
            "placement_partition_number": 0,
            "primary_network_interface": [
              {
                "delete_on_termination": true,
                "network_interface_id": "eni-0ab842ea3d4522403"
              }
            ],
            "primary_network_interface_id": "eni-0ab842ea3d4522403",
            "private_dns": "ip-172-31-0-34.ec2.internal",
            "private_dns_name_options": [
              {
                "enable_resource_name_dns_a_record": false,
                "enable_resource_name_dns_aaaa_record": false,
                "hostname_type": "ip-name"
              }
            ],
            "private_ip": "172.31.0.34",
            "public_dns": "ec2-3-219-33-123.compute-1.amazonaws.com",
            "public_ip": "3.219.33.123",
            "region": "us-east-1",
            "root_block_device": [
              {
                "delete_on_termination": true,
                "device_name": "/dev/xvda",
                "encrypted": false,
                "iops": 3000,
                "kms_key_id": "",
                "tags": {},
                "tags_all": {},
                "throughput": 125,
                "volume_id": "vol-079399e4cbd74c024",
                "volume_size": 8,
                "volume_type": "gp3"
              }
            ],
            "secondary_network_interface": [],
            "secondary_private_ips": [],
            "security_groups": [
              "vpc_ssh",
              "vpc_web"
            ],
            "source_dest_check": true,
            "spot_instance_request_id": "",
            "subnet_id": "subnet-0c86de2469dda9a62",
            "tags": {
              "Name": "Dummy Ec2-us-east-1a"
            },
            "tags_all": {
              "Name": "Dummy Ec2-us-east-1a"
            },
            "tenancy": "default",
            "timeouts": null,
            "user_data": "#!/bin/bash\nsudo yum update -y\nsudo yum install httpd -y\nsudo systemctl start httpd\nsudo systemctl enable httpd\n\nsudo echo \"Hello World\" | sudo tee /var/www/html/index.html\nsudo mkdir /var/www/html/app1\nsudo echo '\u003c!DOCTYPE html\u003e \u003chtml\u003e \u003cbody style=\"background-color:rgb(250, 210, 210);\"\u003e \u003ch1\u003eWelcome to - APP-1\u003c/h1\u003e \u003cp\u003eTerraform Demo\u003c/p\u003e \u003cp\u003eApplication Version: V1\u003c/p\u003e \u003c/body\u003e\u003c/html\u003e' | sudo tee /var/www/html/app1/index.html\nsudo curl http://169.254.169.254/latest/dynamic/instance-identity/document -o /var/www/html/app1/metadata.html",
            "user_data_base64": null,
            "user_data_replace_on_change": false,
            "volume_tags": null,
            "vpc_security_group_ids": [
              "sg-023bf4895c2c6dc8e",
              "sg-05c445c36d580e1a4"
            ]
          },
          "sensitive_attributes": [],
          "identity_schema_version": 0,
          "identity": {
            "account_id": "787230020442",
            "id": "i-08ebc4b70621dcb93",
            "region": "us-east-1"
          },
          "private": "eyJlMmJmYjczMC1lY2FhLTExZTYtOGY4OC0zNDM2M2JjN2M0YzAiOnsiY3JlYXRlIjo2MDAwMDAwMDAwMDAsImRlbGV0ZSI6MTIwMDAwMDAwMDAwMCwicmVhZCI6OTAwMDAwMDAwMDAwLCJ1cGRhdGUiOjYwMDAwMDAwMDAwMH0sInNjaGVtYV92ZXJzaW9uIjoiMiJ9",
          "dependencies": [
            "aws_security_group.vpc_ssh",
            "aws_security_group.vpc_web",
            "data.aws_ami.amazon_linux_3",
            "data.aws_availability_zones.my_azs",
            "data.aws_ec2_instance_type_offerings.my_instance_type"
          ]
        },
        {
          "index_key": "us-east-1b",
          "schema_version": 2,
          "attributes": {
            "ami": "ami-0a59ec92177ec3fad",
            "arn": "arn:aws:ec2:us-east-1:787230020442:instance/i-0df685bc9d04267d6",
            "associate_public_ip_address": true,
            "availability_zone": "us-east-1b",
            "capacity_reservation_specification": [
              {
                "capacity_reservation_preference": "open",
                "capacity_reservation_target": []
              }
            ],
            "cpu_options": [
              {
                "amd_sev_snp": "",
                "core_count": 1,
                "nested_virtualization": "",
                "threads_per_core": 2
              }
            ],
            "credit_specification": [
              {
                "cpu_credits": "unlimited"
              }
            ],
            "disable_api_stop": false,
            "disable_api_termination": false,
            "ebs_block_device": [],
            "ebs_optimized": false,
            "enable_primary_ipv6": null,
            "enclave_options": [
              {
                "enabled": false
              }
            ],
            "ephemeral_block_device": [],
            "force_destroy": false,
            "get_password_data": false,
            "hibernation": false,
            "host_id": "",
            "host_resource_group_arn": null,
            "iam_instance_profile": "",
            "id": "i-0df685bc9d04267d6",
            "instance_initiated_shutdown_behavior": "stop",
            "instance_lifecycle": "",
            "instance_market_options": [],
            "instance_state": "running",
            "instance_type": "t3.small",
            "ipv6_address_count": 0,
            "ipv6_addresses": [],
            "key_name": "common",
            "launch_template": [],
            "maintenance_options": [
              {
                "auto_recovery": "default"
              }
            ],
            "metadata_options": [
              {
                "http_endpoint": "enabled",
                "http_protocol_ipv6": "disabled",
                "http_put_response_hop_limit": 2,
                "http_tokens": "required",
                "instance_metadata_tags": "disabled"
              }
            ],
            "monitoring": false,
            "network_interface": [],
            "outpost_arn": "",
            "password_data": "",
            "placement_group": "",
            "placement_group_id": "",
            "placement_partition_number": 0,
            "primary_network_interface": [
              {
                "delete_on_termination": true,
                "network_interface_id": "eni-0c86a3b0540261295"
              }
            ],
            "primary_network_interface_id": "eni-0c86a3b0540261295",
            "private_dns": "ip-172-31-88-61.ec2.internal",
            "private_dns_name_options": [
              {
                "enable_resource_name_dns_a_record": false,
                "enable_resource_name_dns_aaaa_record": false,
                "hostname_type": "ip-name"
              }
            ],
            "private_ip": "172.31.88.61",
            "public_dns": "ec2-44-201-222-28.compute-1.amazonaws.com",
            "public_ip": "44.201.222.28",
            "region": "us-east-1",
            "root_block_device": [
              {
                "delete_on_termination": true,
                "device_name": "/dev/xvda",
                "encrypted": false,
                "iops": 3000,
                "kms_key_id": "",
                "tags": {},
                "tags_all": {},
                "throughput": 125,
                "volume_id": "vol-016adad45d3eb73b0",
                "volume_size": 8,
                "volume_type": "gp3"
              }
            ],
            "secondary_network_interface": [],
            "secondary_private_ips": [],
            "security_groups": [
              "vpc_ssh",
              "vpc_web"
            ],
            "source_dest_check": true,
            "spot_instance_request_id": "",
            "subnet_id": "subnet-0895b5f0327d6bf33",
            "tags": {
              "Name": "Dummy Ec2-us-east-1b"
            },
            "tags_all": {
              "Name": "Dummy Ec2-us-east-1b"
            },
            "tenancy": "default",
            "timeouts": null,
            "user_data": "#!/bin/bash\nsudo yum update -y\nsudo yum install httpd -y\nsudo systemctl start httpd\nsudo systemctl enable httpd\n\nsudo echo \"Hello World\" | sudo tee /var/www/html/index.html\nsudo mkdir /var/www/html/app1\nsudo echo '\u003c!DOCTYPE html\u003e \u003chtml\u003e \u003cbody style=\"background-color:rgb(250, 210, 210);\"\u003e \u003ch1\u003eWelcome to - APP-1\u003c/h1\u003e \u003cp\u003eTerraform Demo\u003c/p\u003e \u003cp\u003eApplication Version: V1\u003c/p\u003e \u003c/body\u003e\u003c/html\u003e' | sudo tee /var/www/html/app1/index.html\nsudo curl http://169.254.169.254/latest/dynamic/instance-identity/document -o /var/www/html/app1/metadata.html",
            "user_data_base64": null,
            "user_data_replace_on_change": false,
            "volume_tags": null,
            "vpc_security_group_ids": [
              "sg-023bf4895c2c6dc8e",
              "sg-05c445c36d580e1a4"
            ]
          },
          "sensitive_attributes": [],
          "identity_schema_version": 0,
          "identity": {
            "account_id": "787230020442",
            "id": "i-0df685bc9d04267d6",
            "region": "us-east-1"
          },
          "private": "eyJlMmJmYjczMC1lY2FhLTExZTYtOGY4OC0zNDM2M2JjN2M0YzAiOnsiY3JlYXRlIjo2MDAwMDAwMDAwMDAsImRlbGV0ZSI6MTIwMDAwMDAwMDAwMCwicmVhZCI6OTAwMDAwMDAwMDAwLCJ1cGRhdGUiOjYwMDAwMDAwMDAwMH0sInNjaGVtYV92ZXJzaW9uIjoiMiJ9",
          "dependencies": [
            "aws_security_group.vpc_ssh",
            "aws_security_group.vpc_web",
            "data.aws_ami.amazon_linux_3",
            "data.aws_availability_zones.my_azs",
            "data.aws_ec2_instance_type_offerings.my_instance_type"
          ]
        },
        {
          "index_key": "us-east-1c",
          "schema_version": 2,
          "attributes": {
            "ami": "ami-0a59ec92177ec3fad",
            "arn": "arn:aws:ec2:us-east-1:787230020442:instance/i-0630b5afd2d795a13",
            "associate_public_ip_address": true,
            "availability_zone": "us-east-1c",
            "capacity_reservation_specification": [
              {
                "capacity_reservation_preference": "open",
                "capacity_reservation_target": []
              }
            ],
            "cpu_options": [
              {
                "amd_sev_snp": "",
                "core_count": 1,
                "nested_virtualization": "",
                "threads_per_core": 2
              }
            ],
            "credit_specification": [
              {
                "cpu_credits": "unlimited"
              }
            ],
            "disable_api_stop": false,
            "disable_api_termination": false,
            "ebs_block_device": [],
            "ebs_optimized": false,
            "enable_primary_ipv6": null,
            "enclave_options": [
              {
                "enabled": false
              }
            ],
            "ephemeral_block_device": [],
            "force_destroy": false,
            "get_password_data": false,
            "hibernation": false,
            "host_id": "",
            "host_resource_group_arn": null,
            "iam_instance_profile": "",
            "id": "i-0630b5afd2d795a13",
            "instance_initiated_shutdown_behavior": "stop",
            "instance_lifecycle": "",
            "instance_market_options": [],
            "instance_state": "running",
            "instance_type": "t3.small",
            "ipv6_address_count": 0,
            "ipv6_addresses": [],
            "key_name": "common",
            "launch_template": [],
            "maintenance_options": [
              {
                "auto_recovery": "default"
              }
            ],
            "metadata_options": [
              {
                "http_endpoint": "enabled",
                "http_protocol_ipv6": "disabled",
                "http_put_response_hop_limit": 2,
                "http_tokens": "required",
                "instance_metadata_tags": "disabled"
              }
            ],
            "monitoring": false,
            "network_interface": [],
            "outpost_arn": "",
            "password_data": "",
            "placement_group": "",
            "placement_group_id": "",
            "placement_partition_number": 0,
            "primary_network_interface": [
              {
                "delete_on_termination": true,
                "network_interface_id": "eni-0c7d570e3a3fe1c46"
              }
            ],
            "primary_network_interface_id": "eni-0c7d570e3a3fe1c46",
            "private_dns": "ip-172-31-26-37.ec2.internal",
            "private_dns_name_options": [
              {
                "enable_resource_name_dns_a_record": false,
                "enable_resource_name_dns_aaaa_record": false,
                "hostname_type": "ip-name"
              }
            ],
            "private_ip": "172.31.26.37",
            "public_dns": "ec2-54-173-79-97.compute-1.amazonaws.com",
            "public_ip": "54.173.79.97",
            "region": "us-east-1",
            "root_block_device": [
              {
                "delete_on_termination": true,
                "device_name": "/dev/xvda",
                "encrypted": false,
                "iops": 3000,
                "kms_key_id": "",
                "tags": {},
                "tags_all": {},
                "throughput": 125,
                "volume_id": "vol-04ec150044f9505a5",
                "volume_size": 8,
                "volume_type": "gp3"
              }
            ],
            "secondary_network_interface": [],
            "secondary_private_ips": [],
            "security_groups": [
              "vpc_ssh",
              "vpc_web"
            ],
            "source_dest_check": true,
            "spot_instance_request_id": "",
            "subnet_id": "subnet-0856e57739674998b",
            "tags": {
              "Name": "Dummy Ec2-us-east-1c"
            },
            "tags_all": {
              "Name": "Dummy Ec2-us-east-1c"
            },
            "tenancy": "default",
            "timeouts": null,
            "user_data": "#!/bin/bash\nsudo yum update -y\nsudo yum install httpd -y\nsudo systemctl start httpd\nsudo systemctl enable httpd\n\nsudo echo \"Hello World\" | sudo tee /var/www/html/index.html\nsudo mkdir /var/www/html/app1\nsudo echo '\u003c!DOCTYPE html\u003e \u003chtml\u003e \u003cbody style=\"background-color:rgb(250, 210, 210);\"\u003e \u003ch1\u003eWelcome to - APP-1\u003c/h1\u003e \u003cp\u003eTerraform Demo\u003c/p\u003e \u003cp\u003eApplication Version: V1\u003c/p\u003e \u003c/body\u003e\u003c/html\u003e' | sudo tee /var/www/html/app1/index.html\nsudo curl http://169.254.169.254/latest/dynamic/instance-identity/document -o /var/www/html/app1/metadata.html",
            "user_data_base64": null,
            "user_data_replace_on_change": false,
            "volume_tags": null,
            "vpc_security_group_ids": [
              "sg-023bf4895c2c6dc8e",
              "sg-05c445c36d580e1a4"
            ]
          },
          "sensitive_attributes": [],
          "identity_schema_version": 0,
          "identity": {
            "account_id": "787230020442",
            "id": "i-0630b5afd2d795a13",
            "region": "us-east-1"
          },
          "private": "eyJlMmJmYjczMC1lY2FhLTExZTYtOGY4OC0zNDM2M2JjN2M0YzAiOnsiY3JlYXRlIjo2MDAwMDAwMDAwMDAsImRlbGV0ZSI6MTIwMDAwMDAwMDAwMCwicmVhZCI6OTAwMDAwMDAwMDAwLCJ1cGRhdGUiOjYwMDAwMDAwMDAwMH0sInNjaGVtYV92ZXJzaW9uIjoiMiJ9",
          "dependencies": [
            "aws_security_group.vpc_ssh",
            "aws_security_group.vpc_web",
            "data.aws_ami.amazon_linux_3",
            "data.aws_availability_zones.my_azs",
            "data.aws_ec2_instance_type_offerings.my_instance_type"
          ]
        },
        {
          "index_key": "us-east-1d",
          "schema_version": 2,
          "attributes": {
            "ami": "ami-0a59ec92177ec3fad",
            "arn": "arn:aws:ec2:us-east-1:787230020442:instance/i-04355da0cb78030ba",
            "associate_public_ip_address": true,
            "availability_zone": "us-east-1d",
            "capacity_reservation_specification": [
              {
                "capacity_reservation_preference": "open",
                "capacity_reservation_target": []
              }
            ],
            "cpu_options": [
              {
                "amd_sev_snp": "",
                "core_count": 1,
                "nested_virtualization": "",
                "threads_per_core": 2
              }
            ],
            "credit_specification": [
              {
                "cpu_credits": "unlimited"
              }
            ],
            "disable_api_stop": false,
            "disable_api_termination": false,
            "ebs_block_device": [],
            "ebs_optimized": false,
            "enable_primary_ipv6": null,
            "enclave_options": [
              {
                "enabled": false
              }
            ],
            "ephemeral_block_device": [],
            "force_destroy": false,
            "get_password_data": false,
            "hibernation": false,
            "host_id": "",
            "host_resource_group_arn": null,
            "iam_instance_profile": "",
            "id": "i-04355da0cb78030ba",
            "instance_initiated_shutdown_behavior": "stop",
            "instance_lifecycle": "",
            "instance_market_options": [],
            "instance_state": "running",
            "instance_type": "t3.small",
            "ipv6_address_count": 0,
            "ipv6_addresses": [],
            "key_name": "common",
            "launch_template": [],
            "maintenance_options": [
              {
                "auto_recovery": "default"
              }
            ],
            "metadata_options": [
              {
                "http_endpoint": "enabled",
                "http_protocol_ipv6": "disabled",
                "http_put_response_hop_limit": 2,
                "http_tokens": "required",
                "instance_metadata_tags": "disabled"
              }
            ],
            "monitoring": false,
            "network_interface": [],
            "outpost_arn": "",
            "password_data": "",
            "placement_group": "",
            "placement_group_id": "",
            "placement_partition_number": 0,
            "primary_network_interface": [
              {
                "delete_on_termination": true,
                "network_interface_id": "eni-048fa138eaac79366"
              }
            ],
            "primary_network_interface_id": "eni-048fa138eaac79366",
            "private_dns": "ip-172-31-44-127.ec2.internal",
            "private_dns_name_options": [
              {
                "enable_resource_name_dns_a_record": false,
                "enable_resource_name_dns_aaaa_record": false,
                "hostname_type": "ip-name"
              }
            ],
            "private_ip": "172.31.44.127",
            "public_dns": "ec2-54-204-87-160.compute-1.amazonaws.com",
            "public_ip": "54.204.87.160",
            "region": "us-east-1",
            "root_block_device": [
              {
                "delete_on_termination": true,
                "device_name": "/dev/xvda",
                "encrypted": false,
                "iops": 3000,
                "kms_key_id": "",
                "tags": {},
                "tags_all": {},
                "throughput": 125,
                "volume_id": "vol-04f1d9b33fa7495fa",
                "volume_size": 8,
                "volume_type": "gp3"
              }
            ],
            "secondary_network_interface": [],
            "secondary_private_ips": [],
            "security_groups": [
              "vpc_ssh",
              "vpc_web"
            ],
            "source_dest_check": true,
            "spot_instance_request_id": "",
            "subnet_id": "subnet-056dee5cff72e9164",
            "tags": {
              "Name": "Dummy Ec2-us-east-1d"
            },
            "tags_all": {
              "Name": "Dummy Ec2-us-east-1d"
            },
            "tenancy": "default",
            "timeouts": null,
            "user_data": "#!/bin/bash\nsudo yum update -y\nsudo yum install httpd -y\nsudo systemctl start httpd\nsudo systemctl enable httpd\n\nsudo echo \"Hello World\" | sudo tee /var/www/html/index.html\nsudo mkdir /var/www/html/app1\nsudo echo '\u003c!DOCTYPE html\u003e \u003chtml\u003e \u003cbody style=\"background-color:rgb(250, 210, 210);\"\u003e \u003ch1\u003eWelcome to - APP-1\u003c/h1\u003e \u003cp\u003eTerraform Demo\u003c/p\u003e \u003cp\u003eApplication Version: V1\u003c/p\u003e \u003c/body\u003e\u003c/html\u003e' | sudo tee /var/www/html/app1/index.html\nsudo curl http://169.254.169.254/latest/dynamic/instance-identity/document -o /var/www/html/app1/metadata.html",
            "user_data_base64": null,
            "user_data_replace_on_change": false,
            "volume_tags": null,
            "vpc_security_group_ids": [
              "sg-023bf4895c2c6dc8e",
              "sg-05c445c36d580e1a4"
            ]
          },
          "sensitive_attributes": [],
          "identity_schema_version": 0,
          "identity": {
            "account_id": "787230020442",
            "id": "i-04355da0cb78030ba",
            "region": "us-east-1"
          },
          "private": "eyJlMmJmYjczMC1lY2FhLTExZTYtOGY4OC0zNDM2M2JjN2M0YzAiOnsiY3JlYXRlIjo2MDAwMDAwMDAwMDAsImRlbGV0ZSI6MTIwMDAwMDAwMDAwMCwicmVhZCI6OTAwMDAwMDAwMDAwLCJ1cGRhdGUiOjYwMDAwMDAwMDAwMH0sInNjaGVtYV92ZXJzaW9uIjoiMiJ9",
          "dependencies": [
            "aws_security_group.vpc_ssh",
            "aws_security_group.vpc_web",
            "data.aws_ami.amazon_linux_3",
            "data.aws_availability_zones.my_azs",
            "data.aws_ec2_instance_type_offerings.my_instance_type"
          ]
        },
        {
          "index_key": "us-east-1f",
          "schema_version": 2,
          "attributes": {
            "ami": "ami-0a59ec92177ec3fad",
            "arn": "arn:aws:ec2:us-east-1:787230020442:instance/i-0f8111488a5f008bf",
            "associate_public_ip_address": true,
            "availability_zone": "us-east-1f",
            "capacity_reservation_specification": [
              {
                "capacity_reservation_preference": "open",
                "capacity_reservation_target": []
              }
            ],
            "cpu_options": [
              {
                "amd_sev_snp": "",
                "core_count": 1,
                "nested_virtualization": "",
                "threads_per_core": 2
              }
            ],
            "credit_specification": [
              {
                "cpu_credits": "unlimited"
              }
            ],
            "disable_api_stop": false,
            "disable_api_termination": false,
            "ebs_block_device": [],
            "ebs_optimized": false,
            "enable_primary_ipv6": null,
            "enclave_options": [
              {
                "enabled": false
              }
            ],
            "ephemeral_block_device": [],
            "force_destroy": false,
            "get_password_data": false,
            "hibernation": false,
            "host_id": "",
            "host_resource_group_arn": null,
            "iam_instance_profile": "",
            "id": "i-0f8111488a5f008bf",
            "instance_initiated_shutdown_behavior": "stop",
            "instance_lifecycle": "",
            "instance_market_options": [],
            "instance_state": "running",
            "instance_type": "t3.small",
            "ipv6_address_count": 0,
            "ipv6_addresses": [],
            "key_name": "common",
            "launch_template": [],
            "maintenance_options": [
              {
                "auto_recovery": "default"
              }
            ],
            "metadata_options": [
              {
                "http_endpoint": "enabled",
                "http_protocol_ipv6": "disabled",
                "http_put_response_hop_limit": 2,
                "http_tokens": "required",
                "instance_metadata_tags": "disabled"
              }
            ],
            "monitoring": false,
            "network_interface": [],
            "outpost_arn": "",
            "password_data": "",
            "placement_group": "",
            "placement_group_id": "",
            "placement_partition_number": 0,
            "primary_network_interface": [
              {
                "delete_on_termination": true,
                "network_interface_id": "eni-0bd4b88ff73bdb5f8"
              }
            ],
            "primary_network_interface_id": "eni-0bd4b88ff73bdb5f8",
            "private_dns": "ip-172-31-72-88.ec2.internal",
            "private_dns_name_options": [
              {
                "enable_resource_name_dns_a_record": false,
                "enable_resource_name_dns_aaaa_record": false,
                "hostname_type": "ip-name"
              }
            ],
            "private_ip": "172.31.72.88",
            "public_dns": "ec2-34-236-38-202.compute-1.amazonaws.com",
            "public_ip": "34.236.38.202",
            "region": "us-east-1",
            "root_block_device": [
              {
                "delete_on_termination": true,
                "device_name": "/dev/xvda",
                "encrypted": false,
                "iops": 3000,
                "kms_key_id": "",
                "tags": {},
                "tags_all": {},
                "throughput": 125,
                "volume_id": "vol-020a364fa27742184",
                "volume_size": 8,
                "volume_type": "gp3"
              }
            ],
            "secondary_network_interface": [],
            "secondary_private_ips": [],
            "security_groups": [
              "vpc_ssh",
              "vpc_web"
            ],
            "source_dest_check": true,
            "spot_instance_request_id": "",
            "subnet_id": "subnet-06878dd8d888d1ef4",
            "tags": {
              "Name": "Dummy Ec2-us-east-1f"
            },
            "tags_all": {
              "Name": "Dummy Ec2-us-east-1f"
            },
            "tenancy": "default",
            "timeouts": null,
            "user_data": "#!/bin/bash\nsudo yum update -y\nsudo yum install httpd -y\nsudo systemctl start httpd\nsudo systemctl enable httpd\n\nsudo echo \"Hello World\" | sudo tee /var/www/html/index.html\nsudo mkdir /var/www/html/app1\nsudo echo '\u003c!DOCTYPE html\u003e \u003chtml\u003e \u003cbody style=\"background-color:rgb(250, 210, 210);\"\u003e \u003ch1\u003eWelcome to - APP-1\u003c/h1\u003e \u003cp\u003eTerraform Demo\u003c/p\u003e \u003cp\u003eApplication Version: V1\u003c/p\u003e \u003c/body\u003e\u003c/html\u003e' | sudo tee /var/www/html/app1/index.html\nsudo curl http://169.254.169.254/latest/dynamic/instance-identity/document -o /var/www/html/app1/metadata.html",
            "user_data_base64": null,
            "user_data_replace_on_change": false,
            "volume_tags": null,
            "vpc_security_group_ids": [
              "sg-023bf4895c2c6dc8e",
              "sg-05c445c36d580e1a4"
            ]
          },
          "sensitive_attributes": [],
          "identity_schema_version": 0,
          "identity": {
            "account_id": "787230020442",
            "id": "i-0f8111488a5f008bf",
            "region": "us-east-1"
          },
          "private": "eyJlMmJmYjczMC1lY2FhLTExZTYtOGY4OC0zNDM2M2JjN2M0YzAiOnsiY3JlYXRlIjo2MDAwMDAwMDAwMDAsImRlbGV0ZSI6MTIwMDAwMDAwMDAwMCwicmVhZCI6OTAwMDAwMDAwMDAwLCJ1cGRhdGUiOjYwMDAwMDAwMDAwMH0sInNjaGVtYV92ZXJzaW9uIjoiMiJ9",
          "dependencies": [
            "aws_security_group.vpc_ssh",
            "aws_security_group.vpc_web",
            "data.aws_ami.amazon_linux_3",
            "data.aws_availability_zones.my_azs",
            "data.aws_ec2_instance_type_offerings.my_instance_type"
          ]
        }
      ]
    },
    {
      "mode": "managed",
      "type": "aws_security_group",
      "name": "vpc_ssh",
      "provider": "provider[\"registry.terraform.io/hashicorp/aws\"]",
      "instances": [
        {
          "schema_version": 1,
          "attributes": {
            "arn": "arn:aws:ec2:us-east-1:787230020442:security-group/sg-023bf4895c2c6dc8e",
            "description": "Allow SSH access",
            "egress": [
              {
                "cidr_blocks": [
                  "0.0.0.0/0"
                ],
                "description": "Outbound Rule",
                "from_port": 0,
                "ipv6_cidr_blocks": [],
                "prefix_list_ids": [],
                "protocol": "-1",
                "security_groups": [],
                "self": false,
                "to_port": 0
              }
            ],
            "id": "sg-023bf4895c2c6dc8e",
            "ingress": [
              {
                "cidr_blocks": [
                  "0.0.0.0/0"
                ],
                "description": "Allow port 22 in Inbound Rule",
                "from_port": 22,
                "ipv6_cidr_blocks": [],
                "prefix_list_ids": [],
                "protocol": "tcp",
                "security_groups": [],
                "self": false,
                "to_port": 22
              }
            ],
            "name": "vpc_ssh",
            "name_prefix": "",
            "owner_id": "787230020442",
            "region": "us-east-1",
            "revoke_rules_on_delete": false,
            "tags": {
              "Name": "allow_ssh"
            },
            "tags_all": {
              "Name": "allow_ssh"
            },
            "timeouts": null,
            "vpc_id": "vpc-0254f99aab7df53e6"
          },
          "sensitive_attributes": [],
          "identity_schema_version": 0,
          "identity": {
            "account_id": "787230020442",
            "id": "sg-023bf4895c2c6dc8e",
            "region": "us-east-1"
          },
          "private": "eyJlMmJmYjczMC1lY2FhLTExZTYtOGY4OC0zNDM2M2JjN2M0YzAiOnsiY3JlYXRlIjo2MDAwMDAwMDAwMDAsImRlbGV0ZSI6OTAwMDAwMDAwMDAwfSwic2NoZW1hX3ZlcnNpb24iOiIxIn0="
        }
      ]
    },
    {
      "mode": "managed",
      "type": "aws_security_group",
      "name": "vpc_web",
      "provider": "provider[\"registry.terraform.io/hashicorp/aws\"]",
      "instances": [
        {
          "schema_version": 1,
          "attributes": {
            "arn": "arn:aws:ec2:us-east-1:787230020442:security-group/sg-05c445c36d580e1a4",
            "description": "Allow web access",
            "egress": [
              {
                "cidr_blocks": [
                  "0.0.0.0/0"
                ],
                "description": "Outbound Rule",
                "from_port": 0,
                "ipv6_cidr_blocks": [],
                "prefix_list_ids": [],
                "protocol": "-1",
                "security_groups": [],
                "self": false,
                "to_port": 0
              }
            ],
            "id": "sg-05c445c36d580e1a4",
            "ingress": [
              {
                "cidr_blocks": [
                  "0.0.0.0/0"
                ],
                "description": "Allow port 443 in Inbound Rule",
                "from_port": 443,
                "ipv6_cidr_blocks": [],
                "prefix_list_ids": [],
                "protocol": "tcp",
                "security_groups": [],
                "self": false,
                "to_port": 443
              },
              {
                "cidr_blocks": [
                  "0.0.0.0/0"
                ],
                "description": "Allow port 80 in Inbound Rule",
                "from_port": 80,
                "ipv6_cidr_blocks": [],
                "prefix_list_ids": [],
                "protocol": "tcp",
                "security_groups": [],
                "self": false,
                "to_port": 80
              }
            ],
            "name": "vpc_web",
            "name_prefix": "",
            "owner_id": "787230020442",
            "region": "us-east-1",
            "revoke_rules_on_delete": false,
            "tags": {
              "Name": "allow_web_traffice"
            },
            "tags_all": {
              "Name": "allow_web_traffice"
            },
            "timeouts": null,
            "vpc_id": "vpc-0254f99aab7df53e6"
          },
          "sensitive_attributes": [],
          "identity_schema_version": 0,
          "identity": {
            "account_id": "787230020442",
            "id": "sg-05c445c36d580e1a4",
            "region": "us-east-1"
          },
          "private": "eyJlMmJmYjczMC1lY2FhLTExZTYtOGY4OC0zNDM2M2JjN2M0YzAiOnsiY3JlYXRlIjo2MDAwMDAwMDAwMDAsImRlbGV0ZSI6OTAwMDAwMDAwMDAwfSwic2NoZW1hX3ZlcnNpb24iOiIxIn0="
        }
      ]
    }
  ],
  "check_results": null
}
