{
  "version": 4,
  "terraform_version": "1.15.1",
  "serial": 1,
  "lineage": "4b63ae6c-a312-f238-ccdb-451d7f18b393",
  "outputs": {},
  "resources": [
    {
      "mode": "managed",
      "type": "aws_instance",
      "name": "my_ec2_instance",
      "provider": "provider[\"registry.terraform.io/hashicorp/aws\"]",
      "instances": [
        {
          "schema_version": 2,
          "attributes": {
            "ami": "ami-098e39bafa7e7303d",
            "arn": "arn:aws:ec2:us-east-1:787230020442:instance/i-01e9867d9f75b23bc",
            "associate_public_ip_address": true,
            "availability_zone": "us-east-1d",
            "capacity_reservation_specification": [
              {
                "capacity_reservation_preference": "open",
                "capacity_reservation_target": []
              }
            ],
            "cpu_options": [
              {
                "amd_sev_snp": "",
                "core_count": 1,
                "nested_virtualization": "",
                "threads_per_core": 2
              }
            ],
            "credit_specification": [
              {
                "cpu_credits": "unlimited"
              }
            ],
            "disable_api_stop": false,
            "disable_api_termination": false,
            "ebs_block_device": [],
            "ebs_optimized": false,
            "enable_primary_ipv6": null,
            "enclave_options": [
              {
                "enabled": false
              }
            ],
            "ephemeral_block_device": [],
            "force_destroy": false,
            "get_password_data": false,
            "hibernation": false,
            "host_id": "",
            "host_resource_group_arn": null,
            "iam_instance_profile": "",
            "id": "i-01e9867d9f75b23bc",
            "instance_initiated_shutdown_behavior": "stop",
            "instance_lifecycle": "",
            "instance_market_options": [],
            "instance_state": "running",
            "instance_type": "t3.micro",
            "ipv6_address_count": 0,
            "ipv6_addresses": [],
            "key_name": "",
            "launch_template": [],
            "maintenance_options": [
              {
                "auto_recovery": "default"
              }
            ],
            "metadata_options": [
              {
                "http_endpoint": "enabled",
                "http_protocol_ipv6": "disabled",
                "http_put_response_hop_limit": 2,
                "http_tokens": "required",
                "instance_metadata_tags": "disabled"
              }
            ],
            "monitoring": false,
            "network_interface": [],
            "outpost_arn": "",
            "password_data": "",
            "placement_group": "",
            "placement_group_id": "",
            "placement_partition_number": 0,
            "primary_network_interface": [
              {
                "delete_on_termination": true,
                "network_interface_id": "eni-0a1bb2cff01123aea"
              }
            ],
            "primary_network_interface_id": "eni-0a1bb2cff01123aea",
            "private_dns": "ip-172-31-43-57.ec2.internal",
            "private_dns_name_options": [
              {
                "enable_resource_name_dns_a_record": false,
                "enable_resource_name_dns_aaaa_record": false,
                "hostname_type": "ip-name"
              }
            ],
            "private_ip": "172.31.43.57",
            "public_dns": "ec2-54-80-203-138.compute-1.amazonaws.com",
            "public_ip": "54.80.203.138",
            "region": "us-east-1",
            "root_block_device": [
              {
                "delete_on_termination": true,
                "device_name": "/dev/xvda",
                "encrypted": false,
                "iops": 3000,
                "kms_key_id": "",
                "tags": {},
                "tags_all": {},
                "throughput": 125,
                "volume_id": "vol-0f0286e563cf69c0c",
                "volume_size": 8,
                "volume_type": "gp3"
              }
            ],
            "secondary_network_interface": [],
            "secondary_private_ips": [],
            "security_groups": [
              "default"
            ],
            "source_dest_check": true,
            "spot_instance_request_id": "",
            "subnet_id": "subnet-056dee5cff72e9164",
            "tags": {
              "Name": "Dummy Ec2"
            },
            "tags_all": {
              "Name": "Dummy Ec2"
            },
            "tenancy": "default",
            "timeouts": null,
            "user_data": "#!/bin/bash\nsudo yum update -y\nsudo yum install httpd -y\nsudo systemctl start httpd\nsudo systemctl enable httpd\n\nsudo echo \"Hello World\" | sudo tee /var/www/html/index.html\nsudo mkdir /var/www/html/app1\nsudo echo '\u003c!DOCTYPE html\u003e \u003chtml\u003e \u003cbody style=\"background-color:rgb(250, 210, 210);\"\u003e \u003ch1\u003eWelcome to - APP-1\u003c/h1\u003e \u003cp\u003eTerraform Demo\u003c/p\u003e \u003cp\u003eApplication Version: V1\u003c/p\u003e \u003c/body\u003e\u003c/html\u003e' | sudo tee /var/www/html/app1/index.html\nsudo curl http://169.254.169.254/latest/dynamic/instance-identity/document -o /var/www/html/app1/metadata.html",
            "user_data_base64": null,
            "user_data_replace_on_change": false,
            "volume_tags": null,
            "vpc_security_group_ids": [
              "sg-099aa99451cc5e142"
            ]
          },
          "sensitive_attributes": [],
          "identity_schema_version": 0,
          "identity": {
            "account_id": "787230020442",
            "id": "i-01e9867d9f75b23bc",
            "region": "us-east-1"
          },
          "private": "eyJlMmJmYjczMC1lY2FhLTExZTYtOGY4OC0zNDM2M2JjN2M0YzAiOnsiY3JlYXRlIjo2MDAwMDAwMDAwMDAsImRlbGV0ZSI6MTIwMDAwMDAwMDAwMCwicmVhZCI6OTAwMDAwMDAwMDAwLCJ1cGRhdGUiOjYwMDAwMDAwMDAwMH0sInNjaGVtYV92ZXJzaW9uIjoiMiJ9"
        }
      ]
    }
  ],
  "check_results": null
}
